DEPENDENCIES
  mongodb
    git: git@github.com:PNai07/chef_mongodb.git
    revision: 239dda10c209d8a58da1f0dc0e8956e6e6691528
  node
    git: git@github.com:PNai07/ChefNodeCookbook.git
    revision: 9e81a45c310ff1d6e23f1260407b5c799bc0c17e

GRAPH
  apt (7.2.0)
  ark (4.0.0)
    build-essential (>= 0.0.0)
    seven_zip (>= 0.0.0)
  build-essential (8.2.1)
    mingw (>= 1.1)
    seven_zip (>= 0.0.0)
  mingw (2.1.0)
    seven_zip (>= 0.0.0)
  mongodb (0.1.0)
  node (0.1.0)
    apt (>= 0.0.0)
    nodejs (~> 6.0.0)
  nodejs (6.0.0)
    ark (>= 2.0.2)
    build-essential (>= 5.0)
  seven_zip (3.1.1)
    windows (>= 0.0.0)
  windows (6.0.0)
